// !$*UTF8*$!
{
	archiveVersion = 1;
	classes = {
	};
	objectVersion = 48;
	objects = {

/* Begin PBXBuildFile section */
		99FD18203E1434D6602FCDAF /* libPods-Shout.a in Frameworks */ = {isa = PBXBuildFile; fileRef = E7CEA04C776FF1951EB7AE58 /* libPods-Shout.a */; };
		A177A5201FD16BDF009E62B8 /* RGGetUserContactListApi.m in Sources */ = {isa = PBXBuildFile; fileRef = A177A51F1FD16BDF009E62B8 /* RGGetUserContactListApi.m */; };
		A177A5231FD16C64009E62B8 /* RGGetUserLocationByGroupIdApi.m in Sources */ = {isa = PBXBuildFile; fileRef = A177A5221FD16C64009E62B8 /* RGGetUserLocationByGroupIdApi.m */; };
		A177A5261FD16D2E009E62B8 /* RGGetUserGroupApi.m in Sources */ = {isa = PBXBuildFile; fileRef = A177A5251FD16D2E009E62B8 /* RGGetUserGroupApi.m */; };
		A177A5291FD16DB5009E62B8 /* RGFetchTokenApi.m in Sources */ = {isa = PBXBuildFile; fileRef = A177A5281FD16DB5009E62B8 /* RGFetchTokenApi.m */; };
		A177A52C1FD16E73009E62B8 /* RGUpdateUserLocationApi.m in Sources */ = {isa = PBXBuildFile; fileRef = A177A52B1FD16E73009E62B8 /* RGUpdateUserLocationApi.m */; };
		A177A52F1FD170BB009E62B8 /* RGGetUserCurrentGroup.m in Sources */ = {isa = PBXBuildFile; fileRef = A177A52E1FD170BB009E62B8 /* RGGetUserCurrentGroup.m */; };
		A177A5321FD17157009E62B8 /* RGAddUserContact.m in Sources */ = {isa = PBXBuildFile; fileRef = A177A5311FD17157009E62B8 /* RGAddUserContact.m */; };
		A177A5351FD175C0009E62B8 /* RGDelUserContactApi.m in Sources */ = {isa = PBXBuildFile; fileRef = A177A5341FD175C0009E62B8 /* RGDelUserContactApi.m */; };
		A177A5381FD17818009E62B8 /* RGSetGroupManagerApi.m in Sources */ = {isa = PBXBuildFile; fileRef = A177A5371FD17818009E62B8 /* RGSetGroupManagerApi.m */; };
		A177A53B1FD17FDB009E62B8 /* RGSwithchUserGroupApi.m in Sources */ = {isa = PBXBuildFile; fileRef = A177A53A1FD17FDB009E62B8 /* RGSwithchUserGroupApi.m */; };
		A177A53E1FD1804F009E62B8 /* RGGetUserMsgList.m in Sources */ = {isa = PBXBuildFile; fileRef = A177A53D1FD1804F009E62B8 /* RGGetUserMsgList.m */; };
		CB2D392C1FD5933D0011DD03 /* RGUserMessageCell.m in Sources */ = {isa = PBXBuildFile; fileRef = CB2D392A1FD5933D0011DD03 /* RGUserMessageCell.m */; };
		CB2D392D1FD5933D0011DD03 /* RGUserMessageCell.xib in Resources */ = {isa = PBXBuildFile; fileRef = CB2D392B1FD5933D0011DD03 /* RGUserMessageCell.xib */; };
		CB2D39311FD59D2A0011DD03 /* RGLoginVC.m in Sources */ = {isa = PBXBuildFile; fileRef = CB2D392F1FD59D2A0011DD03 /* RGLoginVC.m */; };
		CB2D39321FD59D2A0011DD03 /* RGLoginVC.xib in Resources */ = {isa = PBXBuildFile; fileRef = CB2D39301FD59D2A0011DD03 /* RGLoginVC.xib */; };
		CBD52A691FCF224200B783EE /* RGLoginApi.m in Sources */ = {isa = PBXBuildFile; fileRef = CBD52A681FCF224200B783EE /* RGLoginApi.m */; };
		CBD52A6C1FCF240D00B783EE /* RGUserInfoApi.m in Sources */ = {isa = PBXBuildFile; fileRef = CBD52A6B1FCF240D00B783EE /* RGUserInfoApi.m */; };
		CBD52A6F1FCF25E800B783EE /* RGModifyUserInfoApi.m in Sources */ = {isa = PBXBuildFile; fileRef = CBD52A6E1FCF25E800B783EE /* RGModifyUserInfoApi.m */; };
		CBD52A721FCF26E800B783EE /* RGFetchUserIdApi.m in Sources */ = {isa = PBXBuildFile; fileRef = CBD52A711FCF26E800B783EE /* RGFetchUserIdApi.m */; };
		CBD52A751FCF27FF00B783EE /* RGSendRegCodeApi.m in Sources */ = {isa = PBXBuildFile; fileRef = CBD52A741FCF27FF00B783EE /* RGSendRegCodeApi.m */; };
		CBD52A781FCF28D600B783EE /* RGRegisterApi.m in Sources */ = {isa = PBXBuildFile; fileRef = CBD52A771FCF28D600B783EE /* RGRegisterApi.m */; };
		CBD52A7B1FCF2A8200B783EE /* RGGetUserConfigApi.m in Sources */ = {isa = PBXBuildFile; fileRef = CBD52A7A1FCF2A8200B783EE /* RGGetUserConfigApi.m */; };
		CBD52A7E1FCF2B5500B783EE /* RGSaveUserConfigApi.m in Sources */ = {isa = PBXBuildFile; fileRef = CBD52A7D1FCF2B5500B783EE /* RGSaveUserConfigApi.m */; };
		CBEB16E61FCF00D700F8142E /* AppDelegate.m in Sources */ = {isa = PBXBuildFile; fileRef = CBEB16E51FCF00D700F8142E /* AppDelegate.m */; };
		CBEB16EC1FCF00D700F8142E /* Main.storyboard in Resources */ = {isa = PBXBuildFile; fileRef = CBEB16EA1FCF00D700F8142E /* Main.storyboard */; };
		CBEB16EE1FCF00D700F8142E /* Assets.xcassets in Resources */ = {isa = PBXBuildFile; fileRef = CBEB16ED1FCF00D700F8142E /* Assets.xcassets */; };
		CBEB16F11FCF00D700F8142E /* LaunchScreen.storyboard in Resources */ = {isa = PBXBuildFile; fileRef = CBEB16EF1FCF00D700F8142E /* LaunchScreen.storyboard */; };
		CBEB16F41FCF00D700F8142E /* main.m in Sources */ = {isa = PBXBuildFile; fileRef = CBEB16F31FCF00D700F8142E /* main.m */; };
		CBEB16FE1FCF00D700F8142E /* ShoutTests.m in Sources */ = {isa = PBXBuildFile; fileRef = CBEB16FD1FCF00D700F8142E /* ShoutTests.m */; };
		CBEB17091FCF00D700F8142E /* ShoutUITests.m in Sources */ = {isa = PBXBuildFile; fileRef = CBEB17081FCF00D700F8142E /* ShoutUITests.m */; };
		CBEB171D1FCF037100F8142E /* RGMessageVC.m in Sources */ = {isa = PBXBuildFile; fileRef = CBEB171C1FCF037100F8142E /* RGMessageVC.m */; };
		CBEB17201FCF038B00F8142E /* RGConnectVC.m in Sources */ = {isa = PBXBuildFile; fileRef = CBEB171F1FCF038B00F8142E /* RGConnectVC.m */; };
		CBEB17231FCF03A600F8142E /* RGMapVC.m in Sources */ = {isa = PBXBuildFile; fileRef = CBEB17221FCF03A600F8142E /* RGMapVC.m */; };
		CBEB17261FCF03CD00F8142E /* RGMineVC.m in Sources */ = {isa = PBXBuildFile; fileRef = CBEB17251FCF03CD00F8142E /* RGMineVC.m */; };
/* End PBXBuildFile section */

/* Begin PBXContainerItemProxy section */
		CBEB16FA1FCF00D700F8142E /* PBXContainerItemProxy */ = {
			isa = PBXContainerItemProxy;
			containerPortal = CBEB16D91FCF00D700F8142E /* Project object */;
			proxyType = 1;
			remoteGlobalIDString = CBEB16E01FCF00D700F8142E;
			remoteInfo = Shout;
		};
		CBEB17051FCF00D700F8142E /* PBXContainerItemProxy */ = {
			isa = PBXContainerItemProxy;
			containerPortal = CBEB16D91FCF00D700F8142E /* Project object */;
			proxyType = 1;
			remoteGlobalIDString = CBEB16E01FCF00D700F8142E;
			remoteInfo = Shout;
		};
/* End PBXContainerItemProxy section */

/* Begin PBXFileReference section */
		4766E9E5799A024CCA613385 /* Pods-Shout.release.xcconfig */ = {isa = PBXFileReference; includeInIndex = 1; lastKnownFileType = text.xcconfig; name = "Pods-Shout.release.xcconfig"; path = "Pods/Target Support Files/Pods-Shout/Pods-Shout.release.xcconfig"; sourceTree = "<group>"; };
		A177A51E1FD16BDF009E62B8 /* RGGetUserContactListApi.h */ = {isa = PBXFileReference; lastKnownFileType = sourcecode.c.h; path = RGGetUserContactListApi.h; sourceTree = "<group>"; };
		A177A51F1FD16BDF009E62B8 /* RGGetUserContactListApi.m */ = {isa = PBXFileReference; lastKnownFileType = sourcecode.c.objc; path = RGGetUserContactListApi.m; sourceTree = "<group>"; };
		A177A5211FD16C64009E62B8 /* RGGetUserLocationByGroupIdApi.h */ = {isa = PBXFileReference; lastKnownFileType = sourcecode.c.h; path = RGGetUserLocationByGroupIdApi.h; sourceTree = "<group>"; };
		A177A5221FD16C64009E62B8 /* RGGetUserLocationByGroupIdApi.m */ = {isa = PBXFileReference; lastKnownFileType = sourcecode.c.objc; path = RGGetUserLocationByGroupIdApi.m; sourceTree = "<group>"; };
		A177A5241FD16D2E009E62B8 /* RGGetUserGroupApi.h */ = {isa = PBXFileReference; lastKnownFileType = sourcecode.c.h; path = RGGetUserGroupApi.h; sourceTree = "<group>"; };
		A177A5251FD16D2E009E62B8 /* RGGetUserGroupApi.m */ = {isa = PBXFileReference; lastKnownFileType = sourcecode.c.objc; path = RGGetUserGroupApi.m; sourceTree = "<group>"; };
		A177A5271FD16DB5009E62B8 /* RGFetchTokenApi.h */ = {isa = PBXFileReference; lastKnownFileType = sourcecode.c.h; path = RGFetchTokenApi.h; sourceTree = "<group>"; };
		A177A5281FD16DB5009E62B8 /* RGFetchTokenApi.m */ = {isa = PBXFileReference; lastKnownFileType = sourcecode.c.objc; path = RGFetchTokenApi.m; sourceTree = "<group>"; };
		A177A52A1FD16E73009E62B8 /* RGUpdateUserLocationApi.h */ = {isa = PBXFileReference; lastKnownFileType = sourcecode.c.h; path = RGUpdateUserLocationApi.h; sourceTree = "<group>"; };
		A177A52B1FD16E73009E62B8 /* RGUpdateUserLocationApi.m */ = {isa = PBXFileReference; lastKnownFileType = sourcecode.c.objc; path = RGUpdateUserLocationApi.m; sourceTree = "<group>"; };
		A177A52D1FD170BB009E62B8 /* RGGetUserCurrentGroup.h */ = {isa = PBXFileReference; lastKnownFileType = sourcecode.c.h; path = RGGetUserCurrentGroup.h; sourceTree = "<group>"; };
		A177A52E1FD170BB009E62B8 /* RGGetUserCurrentGroup.m */ = {isa = PBXFileReference; lastKnownFileType = sourcecode.c.objc; path = RGGetUserCurrentGroup.m; sourceTree = "<group>"; };
		A177A5301FD17157009E62B8 /* RGAddUserContact.h */ = {isa = PBXFileReference; lastKnownFileType = sourcecode.c.h; path = RGAddUserContact.h; sourceTree = "<group>"; };
		A177A5311FD17157009E62B8 /* RGAddUserContact.m */ = {isa = PBXFileReference; lastKnownFileType = sourcecode.c.objc; path = RGAddUserContact.m; sourceTree = "<group>"; };
		A177A5331FD175C0009E62B8 /* RGDelUserContactApi.h */ = {isa = PBXFileReference; lastKnownFileType = sourcecode.c.h; path = RGDelUserContactApi.h; sourceTree = "<group>"; };
		A177A5341FD175C0009E62B8 /* RGDelUserContactApi.m */ = {isa = PBXFileReference; lastKnownFileType = sourcecode.c.objc; path = RGDelUserContactApi.m; sourceTree = "<group>"; };
		A177A5361FD17818009E62B8 /* RGSetGroupManagerApi.h */ = {isa = PBXFileReference; lastKnownFileType = sourcecode.c.h; path = RGSetGroupManagerApi.h; sourceTree = "<group>"; };
		A177A5371FD17818009E62B8 /* RGSetGroupManagerApi.m */ = {isa = PBXFileReference; lastKnownFileType = sourcecode.c.objc; path = RGSetGroupManagerApi.m; sourceTree = "<group>"; };
		A177A5391FD17FDB009E62B8 /* RGSwithchUserGroupApi.h */ = {isa = PBXFileReference; lastKnownFileType = sourcecode.c.h; path = RGSwithchUserGroupApi.h; sourceTree = "<group>"; };
		A177A53A1FD17FDB009E62B8 /* RGSwithchUserGroupApi.m */ = {isa = PBXFileReference; lastKnownFileType = sourcecode.c.objc; path = RGSwithchUserGroupApi.m; sourceTree = "<group>"; };
		A177A53C1FD1804F009E62B8 /* RGGetUserMsgList.h */ = {isa = PBXFileReference; lastKnownFileType = sourcecode.c.h; path = RGGetUserMsgList.h; sourceTree = "<group>"; };
		A177A53D1FD1804F009E62B8 /* RGGetUserMsgList.m */ = {isa = PBXFileReference; lastKnownFileType = sourcecode.c.objc; path = RGGetUserMsgList.m; sourceTree = "<group>"; };
		CB2D39291FD5933D0011DD03 /* RGUserMessageCell.h */ = {isa = PBXFileReference; lastKnownFileType = sourcecode.c.h; path = RGUserMessageCell.h; sourceTree = "<group>"; };
		CB2D392A1FD5933D0011DD03 /* RGUserMessageCell.m */ = {isa = PBXFileReference; lastKnownFileType = sourcecode.c.objc; path = RGUserMessageCell.m; sourceTree = "<group>"; };
		CB2D392B1FD5933D0011DD03 /* RGUserMessageCell.xib */ = {isa = PBXFileReference; lastKnownFileType = file.xib; path = RGUserMessageCell.xib; sourceTree = "<group>"; };
		CB2D392E1FD59D2A0011DD03 /* RGLoginVC.h */ = {isa = PBXFileReference; lastKnownFileType = sourcecode.c.h; path = RGLoginVC.h; sourceTree = "<group>"; };
		CB2D392F1FD59D2A0011DD03 /* RGLoginVC.m */ = {isa = PBXFileReference; lastKnownFileType = sourcecode.c.objc; path = RGLoginVC.m; sourceTree = "<group>"; };
		CB2D39301FD59D2A0011DD03 /* RGLoginVC.xib */ = {isa = PBXFileReference; lastKnownFileType = file.xib; path = RGLoginVC.xib; sourceTree = "<group>"; };
		CBD52A641FCF1FAA00B783EE /* Config.h */ = {isa = PBXFileReference; lastKnownFileType = sourcecode.c.h; path = Config.h; sourceTree = "<group>"; };
		CBD52A651FCF1FBD00B783EE /* Constant.h */ = {isa = PBXFileReference; lastKnownFileType = sourcecode.c.h; path = Constant.h; sourceTree = "<group>"; };
		CBD52A671FCF224200B783EE /* RGLoginApi.h */ = {isa = PBXFileReference; lastKnownFileType = sourcecode.c.h; path = RGLoginApi.h; sourceTree = "<group>"; };
		CBD52A681FCF224200B783EE /* RGLoginApi.m */ = {isa = PBXFileReference; lastKnownFileType = sourcecode.c.objc; path = RGLoginApi.m; sourceTree = "<group>"; };
		CBD52A6A1FCF240D00B783EE /* RGUserInfoApi.h */ = {isa = PBXFileReference; lastKnownFileType = sourcecode.c.h; path = RGUserInfoApi.h; sourceTree = "<group>"; };
		CBD52A6B1FCF240D00B783EE /* RGUserInfoApi.m */ = {isa = PBXFileReference; lastKnownFileType = sourcecode.c.objc; path = RGUserInfoApi.m; sourceTree = "<group>"; };
		CBD52A6D1FCF25E700B783EE /* RGModifyUserInfoApi.h */ = {isa = PBXFileReference; lastKnownFileType = sourcecode.c.h; path = RGModifyUserInfoApi.h; sourceTree = "<group>"; };
		CBD52A6E1FCF25E800B783EE /* RGModifyUserInfoApi.m */ = {isa = PBXFileReference; lastKnownFileType = sourcecode.c.objc; path = RGModifyUserInfoApi.m; sourceTree = "<group>"; };
		CBD52A701FCF26E800B783EE /* RGFetchUserIdApi.h */ = {isa = PBXFileReference; lastKnownFileType = sourcecode.c.h; path = RGFetchUserIdApi.h; sourceTree = "<group>"; };
		CBD52A711FCF26E800B783EE /* RGFetchUserIdApi.m */ = {isa = PBXFileReference; lastKnownFileType = sourcecode.c.objc; path = RGFetchUserIdApi.m; sourceTree = "<group>"; };
		CBD52A731FCF27FF00B783EE /* RGSendRegCodeApi.h */ = {isa = PBXFileReference; lastKnownFileType = sourcecode.c.h; path = RGSendRegCodeApi.h; sourceTree = "<group>"; };
		CBD52A741FCF27FF00B783EE /* RGSendRegCodeApi.m */ = {isa = PBXFileReference; lastKnownFileType = sourcecode.c.objc; path = RGSendRegCodeApi.m; sourceTree = "<group>"; };
		CBD52A761FCF28D600B783EE /* RGRegisterApi.h */ = {isa = PBXFileReference; lastKnownFileType = sourcecode.c.h; path = RGRegisterApi.h; sourceTree = "<group>"; };
		CBD52A771FCF28D600B783EE /* RGRegisterApi.m */ = {isa = PBXFileReference; lastKnownFileType = sourcecode.c.objc; path = RGRegisterApi.m; sourceTree = "<group>"; };
		CBD52A791FCF2A8200B783EE /* RGGetUserConfigApi.h */ = {isa = PBXFileReference; lastKnownFileType = sourcecode.c.h; path = RGGetUserConfigApi.h; sourceTree = "<group>"; };
		CBD52A7A1FCF2A8200B783EE /* RGGetUserConfigApi.m */ = {isa = PBXFileReference; lastKnownFileType = sourcecode.c.objc; path = RGGetUserConfigApi.m; sourceTree = "<group>"; };
		CBD52A7C1FCF2B5500B783EE /* RGSaveUserConfigApi.h */ = {isa = PBXFileReference; lastKnownFileType = sourcecode.c.h; path = RGSaveUserConfigApi.h; sourceTree = "<group>"; };
		CBD52A7D1FCF2B5500B783EE /* RGSaveUserConfigApi.m */ = {isa = PBXFileReference; lastKnownFileType = sourcecode.c.objc; path = RGSaveUserConfigApi.m; sourceTree = "<group>"; };
		CBEB16E11FCF00D700F8142E /* Shout.app */ = {isa = PBXFileReference; explicitFileType = wrapper.application; includeInIndex = 0; path = Shout.app; sourceTree = BUILT_PRODUCTS_DIR; };
		CBEB16E41FCF00D700F8142E /* AppDelegate.h */ = {isa = PBXFileReference; lastKnownFileType = sourcecode.c.h; path = AppDelegate.h; sourceTree = "<group>"; };
		CBEB16E51FCF00D700F8142E /* AppDelegate.m */ = {isa = PBXFileReference; lastKnownFileType = sourcecode.c.objc; path = AppDelegate.m; sourceTree = "<group>"; };
		CBEB16EB1FCF00D700F8142E /* Base */ = {isa = PBXFileReference; lastKnownFileType = file.storyboard; name = Base; path = Base.lproj/Main.storyboard; sourceTree = "<group>"; };
		CBEB16ED1FCF00D700F8142E /* Assets.xcassets */ = {isa = PBXFileReference; lastKnownFileType = folder.assetcatalog; path = Assets.xcassets; sourceTree = "<group>"; };
		CBEB16F01FCF00D700F8142E /* Base */ = {isa = PBXFileReference; lastKnownFileType = file.storyboard; name = Base; path = Base.lproj/LaunchScreen.storyboard; sourceTree = "<group>"; };
		CBEB16F21FCF00D700F8142E /* Info.plist */ = {isa = PBXFileReference; lastKnownFileType = text.plist.xml; path = Info.plist; sourceTree = "<group>"; };
		CBEB16F31FCF00D700F8142E /* main.m */ = {isa = PBXFileReference; lastKnownFileType = sourcecode.c.objc; path = main.m; sourceTree = "<group>"; };
		CBEB16F91FCF00D700F8142E /* ShoutTests.xctest */ = {isa = PBXFileReference; explicitFileType = wrapper.cfbundle; includeInIndex = 0; path = ShoutTests.xctest; sourceTree = BUILT_PRODUCTS_DIR; };
		CBEB16FD1FCF00D700F8142E /* ShoutTests.m */ = {isa = PBXFileReference; lastKnownFileType = sourcecode.c.objc; path = ShoutTests.m; sourceTree = "<group>"; };
		CBEB16FF1FCF00D700F8142E /* Info.plist */ = {isa = PBXFileReference; lastKnownFileType = text.plist.xml; path = Info.plist; sourceTree = "<group>"; };
		CBEB17041FCF00D700F8142E /* ShoutUITests.xctest */ = {isa = PBXFileReference; explicitFileType = wrapper.cfbundle; includeInIndex = 0; path = ShoutUITests.xctest; sourceTree = BUILT_PRODUCTS_DIR; };
		CBEB17081FCF00D700F8142E /* ShoutUITests.m */ = {isa = PBXFileReference; lastKnownFileType = sourcecode.c.objc; path = ShoutUITests.m; sourceTree = "<group>"; };
		CBEB170A1FCF00D700F8142E /* Info.plist */ = {isa = PBXFileReference; lastKnownFileType = text.plist.xml; path = Info.plist; sourceTree = "<group>"; };
		CBEB171B1FCF037100F8142E /* RGMessageVC.h */ = {isa = PBXFileReference; lastKnownFileType = sourcecode.c.h; path = RGMessageVC.h; sourceTree = "<group>"; };
		CBEB171C1FCF037100F8142E /* RGMessageVC.m */ = {isa = PBXFileReference; lastKnownFileType = sourcecode.c.objc; path = RGMessageVC.m; sourceTree = "<group>"; };
		CBEB171E1FCF038B00F8142E /* RGConnectVC.h */ = {isa = PBXFileReference; lastKnownFileType = sourcecode.c.h; path = RGConnectVC.h; sourceTree = "<group>"; };
		CBEB171F1FCF038B00F8142E /* RGConnectVC.m */ = {isa = PBXFileReference; lastKnownFileType = sourcecode.c.objc; path = RGConnectVC.m; sourceTree = "<group>"; };
		CBEB17211FCF03A600F8142E /* RGMapVC.h */ = {isa = PBXFileReference; lastKnownFileType = sourcecode.c.h; path = RGMapVC.h; sourceTree = "<group>"; };
		CBEB17221FCF03A600F8142E /* RGMapVC.m */ = {isa = PBXFileReference; lastKnownFileType = sourcecode.c.objc; path = RGMapVC.m; sourceTree = "<group>"; };
		CBEB17241FCF03CD00F8142E /* RGMineVC.h */ = {isa = PBXFileReference; lastKnownFileType = sourcecode.c.h; path = RGMineVC.h; sourceTree = "<group>"; };
		CBEB17251FCF03CD00F8142E /* RGMineVC.m */ = {isa = PBXFileReference; lastKnownFileType = sourcecode.c.objc; path = RGMineVC.m; sourceTree = "<group>"; };
		D274C4F77A504AFFA3AF8DC2 /* Pods-Shout.debug.xcconfig */ = {isa = PBXFileReference; includeInIndex = 1; lastKnownFileType = text.xcconfig; name = "Pods-Shout.debug.xcconfig"; path = "Pods/Target Support Files/Pods-Shout/Pods-Shout.debug.xcconfig"; sourceTree = "<group>"; };
		E7CEA04C776FF1951EB7AE58 /* libPods-Shout.a */ = {isa = PBXFileReference; explicitFileType = archive.ar; includeInIndex = 0; path = "libPods-Shout.a"; sourceTree = BUILT_PRODUCTS_DIR; };
/* End PBXFileReference section */

/* Begin PBXFrameworksBuildPhase section */
		CBEB16DE1FCF00D700F8142E /* Frameworks */ = {
			isa = PBXFrameworksBuildPhase;
			buildActionMask = 2147483647;
			files = (
				99FD18203E1434D6602FCDAF /* libPods-Shout.a in Frameworks */,
			);
			runOnlyForDeploymentPostprocessing = 0;
		};
		CBEB16F61FCF00D700F8142E /* Frameworks */ = {
			isa = PBXFrameworksBuildPhase;
			buildActionMask = 2147483647;
			files = (
			);
			runOnlyForDeploymentPostprocessing = 0;
		};
		CBEB17011FCF00D700F8142E /* Frameworks */ = {
			isa = PBXFrameworksBuildPhase;
			buildActionMask = 2147483647;
			files = (
			);
			runOnlyForDeploymentPostprocessing = 0;
		};
/* End PBXFrameworksBuildPhase section */

/* Begin PBXGroup section */
		5F4C91FD1B1D32B1EBB7A2F2 /* Frameworks */ = {
			isa = PBXGroup;
			children = (
				E7CEA04C776FF1951EB7AE58 /* libPods-Shout.a */,
			);
			name = Frameworks;
			sourceTree = "<group>";
		};
		646D080A5EC343F4C04EF9F8 /* Pods */ = {
			isa = PBXGroup;
			children = (
				D274C4F77A504AFFA3AF8DC2 /* Pods-Shout.debug.xcconfig */,
				4766E9E5799A024CCA613385 /* Pods-Shout.release.xcconfig */,
			);
			name = Pods;
			sourceTree = "<group>";
		};
		CB2D39281FD592F50011DD03 /* Mine */ = {
			isa = PBXGroup;
			children = (
				CB2D39291FD5933D0011DD03 /* RGUserMessageCell.h */,
				CB2D392A1FD5933D0011DD03 /* RGUserMessageCell.m */,
				CB2D392B1FD5933D0011DD03 /* RGUserMessageCell.xib */,
			);
			path = Mine;
			sourceTree = "<group>";
		};
		CBD52A631FCF1EDD00B783EE /* Util */ = {
			isa = PBXGroup;
			children = (
				CBD52A641FCF1FAA00B783EE /* Config.h */,
				CBD52A651FCF1FBD00B783EE /* Constant.h */,
			);
			path = Util;
			sourceTree = "<group>";
		};
		CBD52A661FCF21D300B783EE /* NetWork */ = {
			isa = PBXGroup;
			children = (
				CBD52A671FCF224200B783EE /* RGLoginApi.h */,
				CBD52A681FCF224200B783EE /* RGLoginApi.m */,
				CBD52A6A1FCF240D00B783EE /* RGUserInfoApi.h */,
				CBD52A6B1FCF240D00B783EE /* RGUserInfoApi.m */,
				CBD52A6D1FCF25E700B783EE /* RGModifyUserInfoApi.h */,
				CBD52A6E1FCF25E800B783EE /* RGModifyUserInfoApi.m */,
				CBD52A701FCF26E800B783EE /* RGFetchUserIdApi.h */,
				CBD52A711FCF26E800B783EE /* RGFetchUserIdApi.m */,
				CBD52A731FCF27FF00B783EE /* RGSendRegCodeApi.h */,
				CBD52A741FCF27FF00B783EE /* RGSendRegCodeApi.m */,
				CBD52A761FCF28D600B783EE /* RGRegisterApi.h */,
				CBD52A771FCF28D600B783EE /* RGRegisterApi.m */,
				CBD52A791FCF2A8200B783EE /* RGGetUserConfigApi.h */,
				CBD52A7A1FCF2A8200B783EE /* RGGetUserConfigApi.m */,
				CBD52A7C1FCF2B5500B783EE /* RGSaveUserConfigApi.h */,
				CBD52A7D1FCF2B5500B783EE /* RGSaveUserConfigApi.m */,
				A177A51E1FD16BDF009E62B8 /* RGGetUserContactListApi.h */,
				A177A51F1FD16BDF009E62B8 /* RGGetUserContactListApi.m */,
				A177A5211FD16C64009E62B8 /* RGGetUserLocationByGroupIdApi.h */,
				A177A5221FD16C64009E62B8 /* RGGetUserLocationByGroupIdApi.m */,
				A177A5241FD16D2E009E62B8 /* RGGetUserGroupApi.h */,
				A177A5251FD16D2E009E62B8 /* RGGetUserGroupApi.m */,
				A177A5271FD16DB5009E62B8 /* RGFetchTokenApi.h */,
				A177A5281FD16DB5009E62B8 /* RGFetchTokenApi.m */,
				A177A52A1FD16E73009E62B8 /* RGUpdateUserLocationApi.h */,
				A177A52B1FD16E73009E62B8 /* RGUpdateUserLocationApi.m */,
				A177A52D1FD170BB009E62B8 /* RGGetUserCurrentGroup.h */,
				A177A52E1FD170BB009E62B8 /* RGGetUserCurrentGroup.m */,
				A177A5301FD17157009E62B8 /* RGAddUserContact.h */,
				A177A5311FD17157009E62B8 /* RGAddUserContact.m */,
				A177A5331FD175C0009E62B8 /* RGDelUserContactApi.h */,
				A177A5341FD175C0009E62B8 /* RGDelUserContactApi.m */,
				A177A5361FD17818009E62B8 /* RGSetGroupManagerApi.h */,
				A177A5371FD17818009E62B8 /* RGSetGroupManagerApi.m */,
				A177A5391FD17FDB009E62B8 /* RGSwithchUserGroupApi.h */,
				A177A53A1FD17FDB009E62B8 /* RGSwithchUserGroupApi.m */,
				A177A53C1FD1804F009E62B8 /* RGGetUserMsgList.h */,
				A177A53D1FD1804F009E62B8 /* RGGetUserMsgList.m */,
			);
			path = NetWork;
			sourceTree = "<group>";
		};
		CBEB16D81FCF00D700F8142E = {
			isa = PBXGroup;
			children = (
				CBEB16E31FCF00D700F8142E /* Shout */,
				CBEB16FC1FCF00D700F8142E /* ShoutTests */,
				CBEB17071FCF00D700F8142E /* ShoutUITests */,
				CBEB16E21FCF00D700F8142E /* Products */,
				646D080A5EC343F4C04EF9F8 /* Pods */,
				5F4C91FD1B1D32B1EBB7A2F2 /* Frameworks */,
			);
			sourceTree = "<group>";
		};
		CBEB16E21FCF00D700F8142E /* Products */ = {
			isa = PBXGroup;
			children = (
				CBEB16E11FCF00D700F8142E /* Shout.app */,
				CBEB16F91FCF00D700F8142E /* ShoutTests.xctest */,
				CBEB17041FCF00D700F8142E /* ShoutUITests.xctest */,
			);
			name = Products;
			sourceTree = "<group>";
		};
		CBEB16E31FCF00D700F8142E /* Shout */ = {
			isa = PBXGroup;
			children = (
				CBD52A661FCF21D300B783EE /* NetWork */,
				CBEB17191FCF024E00F8142E /* View */,
				CBEB17181FCF024400F8142E /* Controller */,
				CBEB17171FCF023500F8142E /* ViewModel */,
				CBEB17161FCF022600F8142E /* Model */,
				CBD52A631FCF1EDD00B783EE /* Util */,
				CBEB171A1FCF025700F8142E /* Other */,
				CBEB16F21FCF00D700F8142E /* Info.plist */,
			);
			path = Shout;
			sourceTree = "<group>";
		};
		CBEB16FC1FCF00D700F8142E /* ShoutTests */ = {
			isa = PBXGroup;
			children = (
				CBEB16FD1FCF00D700F8142E /* ShoutTests.m */,
				CBEB16FF1FCF00D700F8142E /* Info.plist */,
			);
			path = ShoutTests;
			sourceTree = "<group>";
		};
		CBEB17071FCF00D700F8142E /* ShoutUITests */ = {
			isa = PBXGroup;
			children = (
				CBEB17081FCF00D700F8142E /* ShoutUITests.m */,
				CBEB170A1FCF00D700F8142E /* Info.plist */,
			);
			path = ShoutUITests;
			sourceTree = "<group>";
		};
		CBEB17161FCF022600F8142E /* Model */ = {
			isa = PBXGroup;
			children = (
			);
			path = Model;
			sourceTree = "<group>";
		};
		CBEB17171FCF023500F8142E /* ViewModel */ = {
			isa = PBXGroup;
			children = (
			);
			path = ViewModel;
			sourceTree = "<group>";
		};
		CBEB17181FCF024400F8142E /* Controller */ = {
			isa = PBXGroup;
			children = (
				CBEB17271FCF03D100F8142E /* Message */,
				CBEB17281FCF03E800F8142E /* Connect */,
				CBEB17291FCF03F800F8142E /* Map */,
				CBEB172A1FCF040200F8142E /* Mine */,
			);
			path = Controller;
			sourceTree = "<group>";
		};
		CBEB17191FCF024E00F8142E /* View */ = {
			isa = PBXGroup;
			children = (
				CB2D39281FD592F50011DD03 /* Mine */,
			);
			path = View;
			sourceTree = "<group>";
		};
		CBEB171A1FCF025700F8142E /* Other */ = {
			isa = PBXGroup;
			children = (
				CBEB16ED1FCF00D700F8142E /* Assets.xcassets */,
				CBEB16E41FCF00D700F8142E /* AppDelegate.h */,
				CBEB16E51FCF00D700F8142E /* AppDelegate.m */,
				CBEB16EA1FCF00D700F8142E /* Main.storyboard */,
				CBEB16EF1FCF00D700F8142E /* LaunchScreen.storyboard */,
				CBEB16F31FCF00D700F8142E /* main.m */,
			);
			path = Other;
			sourceTree = "<group>";
		};
		CBEB17271FCF03D100F8142E /* Message */ = {
			isa = PBXGroup;
			children = (
				CBEB171B1FCF037100F8142E /* RGMessageVC.h */,
				CBEB171C1FCF037100F8142E /* RGMessageVC.m */,
			);
			path = Message;
			sourceTree = "<group>";
		};
		CBEB17281FCF03E800F8142E /* Connect */ = {
			isa = PBXGroup;
			children = (
				CBEB171E1FCF038B00F8142E /* RGConnectVC.h */,
				CBEB171F1FCF038B00F8142E /* RGConnectVC.m */,
			);
			path = Connect;
			sourceTree = "<group>";
		};
		CBEB17291FCF03F800F8142E /* Map */ = {
			isa = PBXGroup;
			children = (
				CBEB17211FCF03A600F8142E /* RGMapVC.h */,
				CBEB17221FCF03A600F8142E /* RGMapVC.m */,
			);
			path = Map;
			sourceTree = "<group>";
		};
		CBEB172A1FCF040200F8142E /* Mine */ = {
			isa = PBXGroup;
			children = (
				CBEB17241FCF03CD00F8142E /* RGMineVC.h */,
				CBEB17251FCF03CD00F8142E /* RGMineVC.m */,
				CB2D392E1FD59D2A0011DD03 /* RGLoginVC.h */,
				CB2D392F1FD59D2A0011DD03 /* RGLoginVC.m */,
				CB2D39301FD59D2A0011DD03 /* RGLoginVC.xib */,
			);
			path = Mine;
			sourceTree = "<group>";
		};
/* End PBXGroup section */

/* Begin PBXNativeTarget section */
		CBEB16E01FCF00D700F8142E /* Shout */ = {
			isa = PBXNativeTarget;
			buildConfigurationList = CBEB170D1FCF00D700F8142E /* Build configuration list for PBXNativeTarget "Shout" */;
			buildPhases = (
				A039FE6C3C12786718C736F4 /* [CP] Check Pods Manifest.lock */,
				CBEB16DD1FCF00D700F8142E /* Sources */,
				CBEB16DE1FCF00D700F8142E /* Frameworks */,
				CBEB16DF1FCF00D700F8142E /* Resources */,
				02C76CAC5A0B798CA68290BC /* [CP] Embed Pods Frameworks */,
				B076EF2181FC86A1307B8AB5 /* [CP] Copy Pods Resources */,
			);
			buildRules = (
			);
			dependencies = (
			);
			name = Shout;
			productName = Shout;
			productReference = CBEB16E11FCF00D700F8142E /* Shout.app */;
			productType = "com.apple.product-type.application";
		};
		CBEB16F81FCF00D700F8142E /* ShoutTests */ = {
			isa = PBXNativeTarget;
			buildConfigurationList = CBEB17101FCF00D700F8142E /* Build configuration list for PBXNativeTarget "ShoutTests" */;
			buildPhases = (
				CBEB16F51FCF00D700F8142E /* Sources */,
				CBEB16F61FCF00D700F8142E /* Frameworks */,
				CBEB16F71FCF00D700F8142E /* Resources */,
			);
			buildRules = (
			);
			dependencies = (
				CBEB16FB1FCF00D700F8142E /* PBXTargetDependency */,
			);
			name = ShoutTests;
			productName = ShoutTests;
			productReference = CBEB16F91FCF00D700F8142E /* ShoutTests.xctest */;
			productType = "com.apple.product-type.bundle.unit-test";
		};
		CBEB17031FCF00D700F8142E /* ShoutUITests */ = {
			isa = PBXNativeTarget;
			buildConfigurationList = CBEB17131FCF00D700F8142E /* Build configuration list for PBXNativeTarget "ShoutUITests" */;
			buildPhases = (
				CBEB17001FCF00D700F8142E /* Sources */,
				CBEB17011FCF00D700F8142E /* Frameworks */,
				CBEB17021FCF00D700F8142E /* Resources */,
			);
			buildRules = (
			);
			dependencies = (
				CBEB17061FCF00D700F8142E /* PBXTargetDependency */,
			);
			name = ShoutUITests;
			productName = ShoutUITests;
			productReference = CBEB17041FCF00D700F8142E /* ShoutUITests.xctest */;
			productType = "com.apple.product-type.bundle.ui-testing";
		};
/* End PBXNativeTarget section */

/* Begin PBXProject section */
		CBEB16D91FCF00D700F8142E /* Project object */ = {
			isa = PBXProject;
			attributes = {
				LastUpgradeCheck = 0900;
				ORGANIZATIONNAME = RoyGao;
				TargetAttributes = {
					CBEB16E01FCF00D700F8142E = {
						CreatedOnToolsVersion = 9.0;
						ProvisioningStyle = Automatic;
					};
					CBEB16F81FCF00D700F8142E = {
						CreatedOnToolsVersion = 9.0;
						ProvisioningStyle = Automatic;
						TestTargetID = CBEB16E01FCF00D700F8142E;
					};
					CBEB17031FCF00D700F8142E = {
						CreatedOnToolsVersion = 9.0;
						ProvisioningStyle = Automatic;
						TestTargetID = CBEB16E01FCF00D700F8142E;
					};
				};
			};
			buildConfigurationList = CBEB16DC1FCF00D700F8142E /* Build configuration list for PBXProject "Shout" */;
			compatibilityVersion = "Xcode 8.0";
			developmentRegion = en;
			hasScannedForEncodings = 0;
			knownRegions = (
				en,
				Base,
			);
			mainGroup = CBEB16D81FCF00D700F8142E;
			productRefGroup = CBEB16E21FCF00D700F8142E /* Products */;
			projectDirPath = "";
			projectRoot = "";
			targets = (
				CBEB16E01FCF00D700F8142E /* Shout */,
				CBEB16F81FCF00D700F8142E /* ShoutTests */,
				CBEB17031FCF00D700F8142E /* ShoutUITests */,
			);
		};
/* End PBXProject section */

/* Begin PBXResourcesBuildPhase section */
		CBEB16DF1FCF00D700F8142E /* Resources */ = {
			isa = PBXResourcesBuildPhase;
			buildActionMask = 2147483647;
			files = (
				CBEB16F11FCF00D700F8142E /* LaunchScreen.storyboard in Resources */,
				CB2D39321FD59D2A0011DD03 /* RGLoginVC.xib in Resources */,
				CBEB16EE1FCF00D700F8142E /* Assets.xcassets in Resources */,
				CBEB16EC1FCF00D700F8142E /* Main.storyboard in Resources */,
				CB2D392D1FD5933D0011DD03 /* RGUserMessageCell.xib in Resources */,
			);
			runOnlyForDeploymentPostprocessing = 0;
		};
		CBEB16F71FCF00D700F8142E /* Resources */ = {
			isa = PBXResourcesBuildPhase;
			buildActionMask = 2147483647;
			files = (
			);
			runOnlyForDeploymentPostprocessing = 0;
		};
		CBEB17021FCF00D700F8142E /* Resources */ = {
			isa = PBXResourcesBuildPhase;
			buildActionMask = 2147483647;
			files = (
			);
			runOnlyForDeploymentPostprocessing = 0;
		};
/* End PBXResourcesBuildPhase section */

/* Begin PBXShellScriptBuildPhase section */
		02C76CAC5A0B798CA68290BC /* [CP] Embed Pods Frameworks */ = {
			isa = PBXShellScriptBuildPhase;
			buildActionMask = 2147483647;
			files = (
			);
			inputPaths = (
				"${SRCROOT}/Pods/Target Support Files/Pods-Shout/Pods-Shout-frameworks.sh",
				"${PODS_ROOT}/Reveal-SDK/RevealServer-2/iOS/RevealServer.framework",
			);
			name = "[CP] Embed Pods Frameworks";
			outputPaths = (
				"${TARGET_BUILD_DIR}/${FRAMEWORKS_FOLDER_PATH}/RevealServer.framework",
			);
			runOnlyForDeploymentPostprocessing = 0;
			shellPath = /bin/sh;
			shellScript = "\"${SRCROOT}/Pods/Target Support Files/Pods-Shout/Pods-Shout-frameworks.sh\"\n";
			showEnvVarsInLog = 0;
		};
		A039FE6C3C12786718C736F4 /* [CP] Check Pods Manifest.lock */ = {
			isa = PBXShellScriptBuildPhase;
			buildActionMask = 2147483647;
			files = (
			);
			inputPaths = (
				"${PODS_PODFILE_DIR_PATH}/Podfile.lock",
				"${PODS_ROOT}/Manifest.lock",
			);
			name = "[CP] Check Pods Manifest.lock";
			outputPaths = (
				"$(DERIVED_FILE_DIR)/Pods-Shout-checkManifestLockResult.txt",
			);
			runOnlyForDeploymentPostprocessing = 0;
			shellPath = /bin/sh;
			shellScript = "diff \"${PODS_PODFILE_DIR_PATH}/Podfile.lock\" \"${PODS_ROOT}/Manifest.lock\" > /dev/null\nif [ $? != 0 ] ; then\n    # print error to STDERR\n    echo \"error: The sandbox is not in sync with the Podfile.lock. Run 'pod install' or update your CocoaPods installation.\" >&2\n    exit 1\nfi\n# This output is used by Xcode 'outputs' to avoid re-running this script phase.\necho \"SUCCESS\" > \"${SCRIPT_OUTPUT_FILE_0}\"\n";
			showEnvVarsInLog = 0;
		};
		B076EF2181FC86A1307B8AB5 /* [CP] Copy Pods Resources */ = {
			isa = PBXShellScriptBuildPhase;
			buildActionMask = 2147483647;
			files = (
			);
			inputPaths = (
				"${SRCROOT}/Pods/Target Support Files/Pods-Shout/Pods-Shout-resources.sh",
				"${PODS_ROOT}/MJRefresh/MJRefresh/MJRefresh.bundle",
				"${PODS_ROOT}/RongCloudIM/RongCloudIM/RongCloud.bundle",
				"${PODS_ROOT}/RongCloudIM/RongCloudIM/en.lproj",
				"${PODS_ROOT}/RongCloudIM/RongCloudIM/zh-Hans.lproj",
				"${PODS_ROOT}/RongCloudIM/RongCloudIM/Emoji.plist",
				"${PODS_ROOT}/RongCloudIM/RongCloudIM/RCConfig.plist",
			);
			name = "[CP] Copy Pods Resources";
			outputPaths = (
				"${TARGET_BUILD_DIR}/${UNLOCALIZED_RESOURCES_FOLDER_PATH}",
			);
			runOnlyForDeploymentPostprocessing = 0;
			shellPath = /bin/sh;
			shellScript = "\"${SRCROOT}/Pods/Target Support Files/Pods-Shout/Pods-Shout-resources.sh\"\n";
			showEnvVarsInLog = 0;
		};
/* End PBXShellScriptBuildPhase section */

/* Begin PBXSourcesBuildPhase section */
		CBEB16DD1FCF00D700F8142E /* Sources */ = {
			isa = PBXSourcesBuildPhase;
			buildActionMask = 2147483647;
			files = (
				CB2D39311FD59D2A0011DD03 /* RGLoginVC.m in Sources */,
				A177A5291FD16DB5009E62B8 /* RGFetchTokenApi.m in Sources */,
				CBD52A751FCF27FF00B783EE /* RGSendRegCodeApi.m in Sources */,
				CBD52A6C1FCF240D00B783EE /* RGUserInfoApi.m in Sources */,
				A177A5261FD16D2E009E62B8 /* RGGetUserGroupApi.m in Sources */,
				CBEB17231FCF03A600F8142E /* RGMapVC.m in Sources */,
				CBEB17201FCF038B00F8142E /* RGConnectVC.m in Sources */,
				A177A52C1FD16E73009E62B8 /* RGUpdateUserLocationApi.m in Sources */,
				A177A5381FD17818009E62B8 /* RGSetGroupManagerApi.m in Sources */,
				CBEB17261FCF03CD00F8142E /* RGMineVC.m in Sources */,
				CBD52A721FCF26E800B783EE /* RGFetchUserIdApi.m in Sources */,
				CBD52A781FCF28D600B783EE /* RGRegisterApi.m in Sources */,
				A177A53B1FD17FDB009E62B8 /* RGSwithchUserGroupApi.m in Sources */,
				CBD52A691FCF224200B783EE /* RGLoginApi.m in Sources */,
				CBD52A7B1FCF2A8200B783EE /* RGGetUserConfigApi.m in Sources */,
				A177A5321FD17157009E62B8 /* RGAddUserContact.m in Sources */,
				A177A5351FD175C0009E62B8 /* RGDelUserContactApi.m in Sources */,
				CBEB16F41FCF00D700F8142E /* main.m in Sources */,
				A177A5231FD16C64009E62B8 /* RGGetUserLocationByGroupIdApi.m in Sources */,
				A177A52F1FD170BB009E62B8 /* RGGetUserCurrentGroup.m in Sources */,
				CBEB16E61FCF00D700F8142E /* AppDelegate.m in Sources */,
				CBD52A6F1FCF25E800B783EE /* RGModifyUserInfoApi.m in Sources */,
				A177A53E1FD1804F009E62B8 /* RGGetUserMsgList.m in Sources */,
				CBEB171D1FCF037100F8142E /* RGMessageVC.m in Sources */,
				CBD52A7E1FCF2B5500B783EE /* RGSaveUserConfigApi.m in Sources */,
				A177A5201FD16BDF009E62B8 /* RGGetUserContactListApi.m in Sources */,
				CB2D392C1FD5933D0011DD03 /* RGUserMessageCell.m in Sources */,
			);
			runOnlyForDeploymentPostprocessing = 0;
		};
		CBEB16F51FCF00D700F8142E /* Sources */ = {
			isa = PBXSourcesBuildPhase;
			buildActionMask = 2147483647;
			files = (
				CBEB16FE1FCF00D700F8142E /* ShoutTests.m in Sources */,
			);
			runOnlyForDeploymentPostprocessing = 0;
		};
		CBEB17001FCF00D700F8142E /* Sources */ = {
			isa = PBXSourcesBuildPhase;
			buildActionMask = 2147483647;
			files = (
				CBEB17091FCF00D700F8142E /* ShoutUITests.m in Sources */,
			);
			runOnlyForDeploymentPostprocessing = 0;
		};
/* End PBXSourcesBuildPhase section */

/* Begin PBXTargetDependency section */
		CBEB16FB1FCF00D700F8142E /* PBXTargetDependency */ = {
			isa = PBXTargetDependency;
			target = CBEB16E01FCF00D700F8142E /* Shout */;
			targetProxy = CBEB16FA1FCF00D700F8142E /* PBXContainerItemProxy */;
		};
		CBEB17061FCF00D700F8142E /* PBXTargetDependency */ = {
			isa = PBXTargetDependency;
			target = CBEB16E01FCF00D700F8142E /* Shout */;
			targetProxy = CBEB17051FCF00D700F8142E /* PBXContainerItemProxy */;
		};
/* End PBXTargetDependency section */

/* Begin PBXVariantGroup section */
		CBEB16EA1FCF00D700F8142E /* Main.storyboard */ = {
			isa = PBXVariantGroup;
			children = (
				CBEB16EB1FCF00D700F8142E /* Base */,
			);
			name = Main.storyboard;
			sourceTree = "<group>";
		};
		CBEB16EF1FCF00D700F8142E /* LaunchScreen.storyboard */ = {
			isa = PBXVariantGroup;
			children = (
				CBEB16F01FCF00D700F8142E /* Base */,
			);
			name = LaunchScreen.storyboard;
			sourceTree = "<group>";
		};
/* End PBXVariantGroup section */

/* Begin XCBuildConfiguration section */
		CBEB170B1FCF00D700F8142E /* Debug */ = {
			isa = XCBuildConfiguration;
			buildSettings = {
				ALWAYS_SEARCH_USER_PATHS = NO;
				CLANG_ANALYZER_NONNULL = YES;
				CLANG_ANALYZER_NUMBER_OBJECT_CONVERSION = YES_AGGRESSIVE;
				CLANG_CXX_LANGUAGE_STANDARD = "gnu++14";
				CLANG_CXX_LIBRARY = "libc++";
				CLANG_ENABLE_MODULES = YES;
				CLANG_ENABLE_OBJC_ARC = YES;
				CLANG_WARN_BLOCK_CAPTURE_AUTORELEASING = YES;
				CLANG_WARN_BOOL_CONVERSION = YES;
				CLANG_WARN_COMMA = YES;
				CLANG_WARN_CONSTANT_CONVERSION = YES;
				CLANG_WARN_DIRECT_OBJC_ISA_USAGE = YES_ERROR;
				CLANG_WARN_DOCUMENTATION_COMMENTS = YES;
				CLANG_WARN_EMPTY_BODY = YES;
				CLANG_WARN_ENUM_CONVERSION = YES;
				CLANG_WARN_INFINITE_RECURSION = YES;
				CLANG_WARN_INT_CONVERSION = YES;
				CLANG_WARN_NON_LITERAL_NULL_CONVERSION = YES;
				CLANG_WARN_OBJC_LITERAL_CONVERSION = YES;
				CLANG_WARN_OBJC_ROOT_CLASS = YES_ERROR;
				CLANG_WARN_RANGE_LOOP_ANALYSIS = YES;
				CLANG_WARN_STRICT_PROTOTYPES = YES;
				CLANG_WARN_SUSPICIOUS_MOVE = YES;
				CLANG_WARN_UNGUARDED_AVAILABILITY = YES_AGGRESSIVE;
				CLANG_WARN_UNREACHABLE_CODE = YES;
				CLANG_WARN__DUPLICATE_METHOD_MATCH = YES;
				CODE_SIGN_IDENTITY = "iPhone Developer";
				COPY_PHASE_STRIP = NO;
				DEBUG_INFORMATION_FORMAT = dwarf;
				ENABLE_STRICT_OBJC_MSGSEND = YES;
				ENABLE_TESTABILITY = YES;
				GCC_C_LANGUAGE_STANDARD = gnu11;
				GCC_DYNAMIC_NO_PIC = NO;
				GCC_NO_COMMON_BLOCKS = YES;
				GCC_OPTIMIZATION_LEVEL = 0;
				GCC_PREPROCESSOR_DEFINITIONS = (
					"DEBUG=1",
					"$(inherited)",
				);
				GCC_WARN_64_TO_32_BIT_CONVERSION = YES;
				GCC_WARN_ABOUT_RETURN_TYPE = YES_ERROR;
				GCC_WARN_UNDECLARED_SELECTOR = YES;
				GCC_WARN_UNINITIALIZED_AUTOS = YES_AGGRESSIVE;
				GCC_WARN_UNUSED_FUNCTION = YES;
				GCC_WARN_UNUSED_VARIABLE = YES;
				IPHONEOS_DEPLOYMENT_TARGET = 11.0;
				MTL_ENABLE_DEBUG_INFO = YES;
				ONLY_ACTIVE_ARCH = YES;
				SDKROOT = iphoneos;
			};
			name = Debug;
		};
		CBEB170C1FCF00D700F8142E /* Release */ = {
			isa = XCBuildConfiguration;
			buildSettings = {
				ALWAYS_SEARCH_USER_PATHS = NO;
				CLANG_ANALYZER_NONNULL = YES;
				CLANG_ANALYZER_NUMBER_OBJECT_CONVERSION = YES_AGGRESSIVE;
				CLANG_CXX_LANGUAGE_STANDARD = "gnu++14";
				CLANG_CXX_LIBRARY = "libc++";
				CLANG_ENABLE_MODULES = YES;
				CLANG_ENABLE_OBJC_ARC = YES;
				CLANG_WARN_BLOCK_CAPTURE_AUTORELEASING = YES;
				CLANG_WARN_BOOL_CONVERSION = YES;
				CLANG_WARN_COMMA = YES;
				CLANG_WARN_CONSTANT_CONVERSION = YES;
				CLANG_WARN_DIRECT_OBJC_ISA_USAGE = YES_ERROR;
				CLANG_WARN_DOCUMENTATION_COMMENTS = YES;
				CLANG_WARN_EMPTY_BODY = YES;
				CLANG_WARN_ENUM_CONVERSION = YES;
				CLANG_WARN_INFINITE_RECURSION = YES;
				CLANG_WARN_INT_CONVERSION = YES;
				CLANG_WARN_NON_LITERAL_NULL_CONVERSION = YES;
				CLANG_WARN_OBJC_LITERAL_CONVERSION = YES;
				CLANG_WARN_OBJC_ROOT_CLASS = YES_ERROR;
				CLANG_WARN_RANGE_LOOP_ANALYSIS = YES;
				CLANG_WARN_STRICT_PROTOTYPES = YES;
				CLANG_WARN_SUSPICIOUS_MOVE = YES;
				CLANG_WARN_UNGUARDED_AVAILABILITY = YES_AGGRESSIVE;
				CLANG_WARN_UNREACHABLE_CODE = YES;
				CLANG_WARN__DUPLICATE_METHOD_MATCH = YES;
				CODE_SIGN_IDENTITY = "iPhone Developer";
				COPY_PHASE_STRIP = NO;
				DEBUG_INFORMATION_FORMAT = "dwarf-with-dsym";
				ENABLE_NS_ASSERTIONS = NO;
				ENABLE_STRICT_OBJC_MSGSEND = YES;
				GCC_C_LANGUAGE_STANDARD = gnu11;
				GCC_NO_COMMON_BLOCKS = YES;
				GCC_WARN_64_TO_32_BIT_CONVERSION = YES;
				GCC_WARN_ABOUT_RETURN_TYPE = YES_ERROR;
				GCC_WARN_UNDECLARED_SELECTOR = YES;
				GCC_WARN_UNINITIALIZED_AUTOS = YES_AGGRESSIVE;
				GCC_WARN_UNUSED_FUNCTION = YES;
				GCC_WARN_UNUSED_VARIABLE = YES;
				IPHONEOS_DEPLOYMENT_TARGET = 11.0;
				MTL_ENABLE_DEBUG_INFO = NO;
				SDKROOT = iphoneos;
				VALIDATE_PRODUCT = YES;
			};
			name = Release;
		};
		CBEB170E1FCF00D700F8142E /* Debug */ = {
			isa = XCBuildConfiguration;
			baseConfigurationReference = D274C4F77A504AFFA3AF8DC2 /* Pods-Shout.debug.xcconfig */;
			buildSettings = {
				ASSETCATALOG_COMPILER_APPICON_NAME = AppIcon;
				CODE_SIGN_STYLE = Automatic;
				DEVELOPMENT_TEAM = MC32WL4XZA;
				INFOPLIST_FILE = Shout/Info.plist;
				IPHONEOS_DEPLOYMENT_TARGET = 9.0;
				LD_RUNPATH_SEARCH_PATHS = "$(inherited) @executable_path/Frameworks";
				PRODUCT_BUNDLE_IDENTIFIER = com.roygao.Shout;
				PRODUCT_NAME = "$(TARGET_NAME)";
				TARGETED_DEVICE_FAMILY = 1;
			};
			name = Debug;
		};
		CBEB170F1FCF00D700F8142E /* Release */ = {
			isa = XCBuildConfiguration;
			baseConfigurationReference = 4766E9E5799A024CCA613385 /* Pods-Shout.release.xcconfig */;
			buildSettings = {
				ASSETCATALOG_COMPILER_APPICON_NAME = AppIcon;
				CODE_SIGN_STYLE = Automatic;
				DEVELOPMENT_TEAM = MC32WL4XZA;
				INFOPLIST_FILE = Shout/Info.plist;
				IPHONEOS_DEPLOYMENT_TARGET = 9.0;
				LD_RUNPATH_SEARCH_PATHS = "$(inherited) @executable_path/Frameworks";
				PRODUCT_BUNDLE_IDENTIFIER = com.roygao.Shout;
				PRODUCT_NAME = "$(TARGET_NAME)";
				TARGETED_DEVICE_FAMILY = 1;
			};
			name = Release;
		};
		CBEB17111FCF00D700F8142E /* Debug */ = {
			isa = XCBuildConfiguration;
			buildSettings = {
				BUNDLE_LOADER = "$(TEST_HOST)";
				CODE_SIGN_STYLE = Automatic;
				DEVELOPMENT_TEAM = V9M2CMWZTN;
				INFOPLIST_FILE = ShoutTests/Info.plist;
				LD_RUNPATH_SEARCH_PATHS = "$(inherited) @executable_path/Frameworks @loader_path/Frameworks";
				PRODUCT_BUNDLE_IDENTIFIER = com.roygao.ShoutTests;
				PRODUCT_NAME = "$(TARGET_NAME)";
				TARGETED_DEVICE_FAMILY = "1,2";
				TEST_HOST = "$(BUILT_PRODUCTS_DIR)/Shout.app/Shout";
			};
			name = Debug;
		};
		CBEB17121FCF00D700F8142E /* Release */ = {
			isa = XCBuildConfiguration;
			buildSettings = {
				BUNDLE_LOADER = "$(TEST_HOST)";
				CODE_SIGN_STYLE = Automatic;
				DEVELOPMENT_TEAM = V9M2CMWZTN;
				INFOPLIST_FILE = ShoutTests/Info.plist;
				LD_RUNPATH_SEARCH_PATHS = "$(inherited) @executable_path/Frameworks @loader_path/Frameworks";
				PRODUCT_BUNDLE_IDENTIFIER = com.roygao.ShoutTests;
				PRODUCT_NAME = "$(TARGET_NAME)";
				TARGETED_DEVICE_FAMILY = "1,2";
				TEST_HOST = "$(BUILT_PRODUCTS_DIR)/Shout.app/Shout";
			};
			name = Release;
		};
		CBEB17141FCF00D700F8142E /* Debug */ = {
			isa = XCBuildConfiguration;
			buildSettings = {
				CODE_SIGN_STYLE = Automatic;
				DEVELOPMENT_TEAM = V9M2CMWZTN;
				INFOPLIST_FILE = ShoutUITests/Info.plist;
				LD_RUNPATH_SEARCH_PATHS = "$(inherited) @executable_path/Frameworks @loader_path/Frameworks";
				PRODUCT_BUNDLE_IDENTIFIER = com.roygao.ShoutUITests;
				PRODUCT_NAME = "$(TARGET_NAME)";
				TARGETED_DEVICE_FAMILY = "1,2";
				TEST_TARGET_NAME = Shout;
			};
			name = Debug;
		};
		CBEB17151FCF00D700F8142E /* Release */ = {
			isa = XCBuildConfiguration;
			buildSettings = {
				CODE_SIGN_STYLE = Automatic;
				DEVELOPMENT_TEAM = V9M2CMWZTN;
				INFOPLIST_FILE = ShoutUITests/Info.plist;
				LD_RUNPATH_SEARCH_PATHS = "$(inherited) @executable_path/Frameworks @loader_path/Frameworks";
				PRODUCT_BUNDLE_IDENTIFIER = com.roygao.ShoutUITests;
				PRODUCT_NAME = "$(TARGET_NAME)";
				TARGETED_DEVICE_FAMILY = "1,2";
				TEST_TARGET_NAME = Shout;
			};
			name = Release;
		};
/* End XCBuildConfiguration section */

/* Begin XCConfigurationList section */
		CBEB16DC1FCF00D700F8142E /* Build configuration list for PBXProject "Shout" */ = {
			isa = XCConfigurationList;
			buildConfigurations = (
				CBEB170B1FCF00D700F8142E /* Debug */,
				CBEB170C1FCF00D700F8142E /* Release */,
			);
			defaultConfigurationIsVisible = 0;
			defaultConfigurationName = Release;
		};
		CBEB170D1FCF00D700F8142E /* Build configuration list for PBXNativeTarget "Shout" */ = {
			isa = XCConfigurationList;
			buildConfigurations = (
				CBEB170E1FCF00D700F8142E /* Debug */,
				CBEB170F1FCF00D700F8142E /* Release */,
			);
			defaultConfigurationIsVisible = 0;
			defaultConfigurationName = Release;
		};
		CBEB17101FCF00D700F8142E /* Build configuration list for PBXNativeTarget "ShoutTests" */ = {
			isa = XCConfigurationList;
			buildConfigurations = (
				CBEB17111FCF00D700F8142E /* Debug */,
				CBEB17121FCF00D700F8142E /* Release */,
			);
			defaultConfigurationIsVisible = 0;
			defaultConfigurationName = Release;
		};
		CBEB17131FCF00D700F8142E /* Build configuration list for PBXNativeTarget "ShoutUITests" */ = {
			isa = XCConfigurationList;
			buildConfigurations = (
				CBEB17141FCF00D700F8142E /* Debug */,
				CBEB17151FCF00D700F8142E /* Release */,
			);
			defaultConfigurationIsVisible = 0;
			defaultConfigurationName = Release;
		};
/* End XCConfigurationList section */
	};
	rootObject = CBEB16D91FCF00D700F8142E /* Project object */;
}
